// !$*UTF8*$!
{
	archiveVersion = 1;
	classes = {
	};
	objectVersion = 50;
	objects = {

/* Begin PBXBuildFile section */
		865E5EB6261532FF001F6CA4 /* MemoryGame.swift in Sources */ = {isa = PBXBuildFile; fileRef = 865E5EB5261532FF001F6CA4 /* MemoryGame.swift */; };
		865E5EBB261533F0001F6CA4 /* EmojiMemoryGame.swift in Sources */ = {isa = PBXBuildFile; fileRef = 865E5EBA261533F0001F6CA4 /* EmojiMemoryGame.swift */; };
		86F5D1A82613510600FF7944 /* MemorizeApp.swift in Sources */ = {isa = PBXBuildFile; fileRef = 86F5D1A72613510600FF7944 /* MemorizeApp.swift */; };
		86F5D1AA2613510600FF7944 /* EmojiMemoryGameView.swift in Sources */ = {isa = PBXBuildFile; fileRef = 86F5D1A92613510600FF7944 /* EmojiMemoryGameView.swift */; };
		86F5D1AC2613510700FF7944 /* Assets.xcassets in Resources */ = {isa = PBXBuildFile; fileRef = 86F5D1AB2613510700FF7944 /* Assets.xcassets */; };
		86F5D1AF2613510700FF7944 /* Preview Assets.xcassets in Resources */ = {isa = PBXBuildFile; fileRef = 86F5D1AE2613510700FF7944 /* Preview Assets.xcassets */; };
		86F5D1BA2613510800FF7944 /* MemorizeTests.swift in Sources */ = {isa = PBXBuildFile; fileRef = 86F5D1B92613510800FF7944 /* MemorizeTests.swift */; };
		86F5D1C52613510800FF7944 /* MemorizeUITests.swift in Sources */ = {isa = PBXBuildFile; fileRef = 86F5D1C42613510800FF7944 /* MemorizeUITests.swift */; };
		92A4D3DC2645B825006298CA /* Grid.swift in Sources */ = {isa = PBXBuildFile; fileRef = 92A4D3DB2645B825006298CA /* Grid.swift */; };
		92A4D3E02645E3A7006298CA /* GridLayout.swift in Sources */ = {isa = PBXBuildFile; fileRef = 92A4D3DF2645E3A7006298CA /* GridLayout.swift */; };
		92A4D3E22645FD3A006298CA /* Array+Identifiable.swift in Sources */ = {isa = PBXBuildFile; fileRef = 92A4D3E12645FD3A006298CA /* Array+Identifiable.swift */; };
		92A62E9A264B2AA200E6CAB2 /* Array+Only.swift in Sources */ = {isa = PBXBuildFile; fileRef = 92A62E99264B2AA200E6CAB2 /* Array+Only.swift */; };
		92B3A023264C90020031F4C2 /* Pie.swift in Sources */ = {isa = PBXBuildFile; fileRef = 92B3A022264C90020031F4C2 /* Pie.swift */; };
		92B3A025264C9ABF0031F4C2 /* Cardify.swift in Sources */ = {isa = PBXBuildFile; fileRef = 92B3A024264C9ABF0031F4C2 /* Cardify.swift */; };
/* End PBXBuildFile section */

/* Begin PBXContainerItemProxy section */
		86F5D1B62613510800FF7944 /* PBXContainerItemProxy */ = {
			isa = PBXContainerItemProxy;
			containerPortal = 86F5D19C2613510600FF7944 /* Project object */;
			proxyType = 1;
			remoteGlobalIDString = 86F5D1A32613510600FF7944;
			remoteInfo = Memorize;
		};
		86F5D1C12613510800FF7944 /* PBXContainerItemProxy */ = {
			isa = PBXContainerItemProxy;
			containerPortal = 86F5D19C2613510600FF7944 /* Project object */;
			proxyType = 1;
			remoteGlobalIDString = 86F5D1A32613510600FF7944;
			remoteInfo = Memorize;
		};
/* End PBXContainerItemProxy section */

/* Begin PBXFileReference section */
		865E5EB5261532FF001F6CA4 /* MemoryGame.swift */ = {isa = PBXFileReference; lastKnownFileType = sourcecode.swift; path = MemoryGame.swift; sourceTree = "<group>"; };
		865E5EBA261533F0001F6CA4 /* EmojiMemoryGame.swift */ = {isa = PBXFileReference; lastKnownFileType = sourcecode.swift; path = EmojiMemoryGame.swift; sourceTree = "<group>"; };
		86F5D1A42613510600FF7944 /* Memorize.app */ = {isa = PBXFileReference; explicitFileType = wrapper.application; includeInIndex = 0; path = Memorize.app; sourceTree = BUILT_PRODUCTS_DIR; };
		86F5D1A72613510600FF7944 /* MemorizeApp.swift */ = {isa = PBXFileReference; lastKnownFileType = sourcecode.swift; path = MemorizeApp.swift; sourceTree = "<group>"; };
		86F5D1A92613510600FF7944 /* EmojiMemoryGameView.swift */ = {isa = PBXFileReference; lastKnownFileType = sourcecode.swift; path = EmojiMemoryGameView.swift; sourceTree = "<group>"; };
		86F5D1AB2613510700FF7944 /* Assets.xcassets */ = {isa = PBXFileReference; lastKnownFileType = folder.assetcatalog; path = Assets.xcassets; sourceTree = "<group>"; };
		86F5D1AE2613510700FF7944 /* Preview Assets.xcassets */ = {isa = PBXFileReference; lastKnownFileType = folder.assetcatalog; path = "Preview Assets.xcassets"; sourceTree = "<group>"; };
		86F5D1B02613510700FF7944 /* Info.plist */ = {isa = PBXFileReference; lastKnownFileType = text.plist.xml; path = Info.plist; sourceTree = "<group>"; };
		86F5D1B52613510800FF7944 /* MemorizeTests.xctest */ = {isa = PBXFileReference; explicitFileType = wrapper.cfbundle; includeInIndex = 0; path = MemorizeTests.xctest; sourceTree = BUILT_PRODUCTS_DIR; };
		86F5D1B92613510800FF7944 /* MemorizeTests.swift */ = {isa = PBXFileReference; lastKnownFileType = sourcecode.swift; path = MemorizeTests.swift; sourceTree = "<group>"; };
		86F5D1BB2613510800FF7944 /* Info.plist */ = {isa = PBXFileReference; lastKnownFileType = text.plist.xml; path = Info.plist; sourceTree = "<group>"; };
		86F5D1C02613510800FF7944 /* MemorizeUITests.xctest */ = {isa = PBXFileReference; explicitFileType = wrapper.cfbundle; includeInIndex = 0; path = MemorizeUITests.xctest; sourceTree = BUILT_PRODUCTS_DIR; };
		86F5D1C42613510800FF7944 /* MemorizeUITests.swift */ = {isa = PBXFileReference; lastKnownFileType = sourcecode.swift; path = MemorizeUITests.swift; sourceTree = "<group>"; };
		86F5D1C62613510800FF7944 /* Info.plist */ = {isa = PBXFileReference; lastKnownFileType = text.plist.xml; path = Info.plist; sourceTree = "<group>"; };
		92A4D3DB2645B825006298CA /* Grid.swift */ = {isa = PBXFileReference; lastKnownFileType = sourcecode.swift; path = Grid.swift; sourceTree = "<group>"; };
		92A4D3DF2645E3A7006298CA /* GridLayout.swift */ = {isa = PBXFileReference; fileEncoding = 4; lastKnownFileType = sourcecode.swift; name = GridLayout.swift; path = ../../../../Downloads/GridLayout.swift; sourceTree = "<group>"; };
		92A4D3E12645FD3A006298CA /* Array+Identifiable.swift */ = {isa = PBXFileReference; lastKnownFileType = sourcecode.swift; path = "Array+Identifiable.swift"; sourceTree = "<group>"; };
		92A62E99264B2AA200E6CAB2 /* Array+Only.swift */ = {isa = PBXFileReference; lastKnownFileType = sourcecode.swift; path = "Array+Only.swift"; sourceTree = "<group>"; };
		92B3A022264C90020031F4C2 /* Pie.swift */ = {isa = PBXFileReference; lastKnownFileType = sourcecode.swift; path = Pie.swift; sourceTree = "<group>"; };
		92B3A024264C9ABF0031F4C2 /* Cardify.swift */ = {isa = PBXFileReference; lastKnownFileType = sourcecode.swift; path = Cardify.swift; sourceTree = "<group>"; };
/* End PBXFileReference section */

/* Begin PBXFrameworksBuildPhase section */
		86F5D1A12613510600FF7944 /* Frameworks */ = {
			isa = PBXFrameworksBuildPhase;
			buildActionMask = 2147483647;
			files = (
			);
			runOnlyForDeploymentPostprocessing = 0;
		};
		86F5D1B22613510800FF7944 /* Frameworks */ = {
			isa = PBXFrameworksBuildPhase;
			buildActionMask = 2147483647;
			files = (
			);
			runOnlyForDeploymentPostprocessing = 0;
		};
		86F5D1BD2613510800FF7944 /* Frameworks */ = {
			isa = PBXFrameworksBuildPhase;
			buildActionMask = 2147483647;
			files = (
			);
			runOnlyForDeploymentPostprocessing = 0;
		};
/* End PBXFrameworksBuildPhase section */

/* Begin PBXGroup section */
		86F5D19B2613510600FF7944 = {
			isa = PBXGroup;
			children = (
				86F5D1A62613510600FF7944 /* Memorize */,
				86F5D1B82613510800FF7944 /* MemorizeTests */,
				86F5D1C32613510800FF7944 /* MemorizeUITests */,
				86F5D1A52613510600FF7944 /* Products */,
			);
			sourceTree = "<group>";
		};
		86F5D1A52613510600FF7944 /* Products */ = {
			isa = PBXGroup;
			children = (
				86F5D1A42613510600FF7944 /* Memorize.app */,
				86F5D1B52613510800FF7944 /* MemorizeTests.xctest */,
				86F5D1C02613510800FF7944 /* MemorizeUITests.xctest */,
			);
			name = Products;
			sourceTree = "<group>";
		};
		86F5D1A62613510600FF7944 /* Memorize */ = {
			isa = PBXGroup;
			children = (
				86F5D1A72613510600FF7944 /* MemorizeApp.swift */,
				86F5D1A92613510600FF7944 /* EmojiMemoryGameView.swift */,
				86F5D1AB2613510700FF7944 /* Assets.xcassets */,
				86F5D1B02613510700FF7944 /* Info.plist */,
				86F5D1AD2613510700FF7944 /* Preview Content */,
				865E5EB5261532FF001F6CA4 /* MemoryGame.swift */,
				865E5EBA261533F0001F6CA4 /* EmojiMemoryGame.swift */,
				92A4D3DB2645B825006298CA /* Grid.swift */,
				92A4D3DF2645E3A7006298CA /* GridLayout.swift */,
				92A4D3E12645FD3A006298CA /* Array+Identifiable.swift */,
				92A62E99264B2AA200E6CAB2 /* Array+Only.swift */,
				92B3A022264C90020031F4C2 /* Pie.swift */,
				92B3A024264C9ABF0031F4C2 /* Cardify.swift */,
			);
			path = Memorize;
			sourceTree = "<group>";
		};
		86F5D1AD2613510700FF7944 /* Preview Content */ = {
			isa = PBXGroup;
			children = (
				86F5D1AE2613510700FF7944 /* Preview Assets.xcassets */,
			);
			path = "Preview Content";
			sourceTree = "<group>";
		};
		86F5D1B82613510800FF7944 /* MemorizeTests */ = {
			isa = PBXGroup;
			children = (
				86F5D1B92613510800FF7944 /* MemorizeTests.swift */,
				86F5D1BB2613510800FF7944 /* Info.plist */,
			);
			path = MemorizeTests;
			sourceTree = "<group>";
		};
		86F5D1C32613510800FF7944 /* MemorizeUITests */ = {
			isa = PBXGroup;
			children = (
				86F5D1C42613510800FF7944 /* MemorizeUITests.swift */,
				86F5D1C62613510800FF7944 /* Info.plist */,
			);
			path = MemorizeUITests;
			sourceTree = "<group>";
		};
/* End PBXGroup section */

/* Begin PBXNativeTarget section */
		86F5D1A32613510600FF7944 /* Memorize */ = {
			isa = PBXNativeTarget;
			buildConfigurationList = 86F5D1C92613510800FF7944 /* Build configuration list for PBXNativeTarget "Memorize" */;
			buildPhases = (
				86F5D1A02613510600FF7944 /* Sources */,
				86F5D1A12613510600FF7944 /* Frameworks */,
				86F5D1A22613510600FF7944 /* Resources */,
			);
			buildRules = (
			);
			dependencies = (
			);
			name = Memorize;
			productName = Memorize;
			productReference = 86F5D1A42613510600FF7944 /* Memorize.app */;
			productType = "com.apple.product-type.application";
		};
		86F5D1B42613510800FF7944 /* MemorizeTests */ = {
			isa = PBXNativeTarget;
			buildConfigurationList = 86F5D1CC2613510800FF7944 /* Build configuration list for PBXNativeTarget "MemorizeTests" */;
			buildPhases = (
				86F5D1B12613510800FF7944 /* Sources */,
				86F5D1B22613510800FF7944 /* Frameworks */,
				86F5D1B32613510800FF7944 /* Resources */,
			);
			buildRules = (
			);
			dependencies = (
				86F5D1B72613510800FF7944 /* PBXTargetDependency */,
			);
			name = MemorizeTests;
			productName = MemorizeTests;
			productReference = 86F5D1B52613510800FF7944 /* MemorizeTests.xctest */;
			productType = "com.apple.product-type.bundle.unit-test";
		};
		86F5D1BF2613510800FF7944 /* MemorizeUITests */ = {
			isa = PBXNativeTarget;
			buildConfigurationList = 86F5D1CF2613510800FF7944 /* Build configuration list for PBXNativeTarget "MemorizeUITests" */;
			buildPhases = (
				86F5D1BC2613510800FF7944 /* Sources */,
				86F5D1BD2613510800FF7944 /* Frameworks */,
				86F5D1BE2613510800FF7944 /* Resources */,
			);
			buildRules = (
			);
			dependencies = (
				86F5D1C22613510800FF7944 /* PBXTargetDependency */,
			);
			name = MemorizeUITests;
			productName = MemorizeUITests;
			productReference = 86F5D1C02613510800FF7944 /* MemorizeUITests.xctest */;
			productType = "com.apple.product-type.bundle.ui-testing";
		};
/* End PBXNativeTarget section */

/* Begin PBXProject section */
		86F5D19C2613510600FF7944 /* Project object */ = {
			isa = PBXProject;
			attributes = {
				LastSwiftUpdateCheck = 1240;
				LastUpgradeCheck = 1240;
				TargetAttributes = {
					86F5D1A32613510600FF7944 = {
						CreatedOnToolsVersion = 12.4;
					};
					86F5D1B42613510800FF7944 = {
						CreatedOnToolsVersion = 12.4;
						TestTargetID = 86F5D1A32613510600FF7944;
					};
					86F5D1BF2613510800FF7944 = {
						CreatedOnToolsVersion = 12.4;
						TestTargetID = 86F5D1A32613510600FF7944;
					};
				};
			};
			buildConfigurationList = 86F5D19F2613510600FF7944 /* Build configuration list for PBXProject "Memorize" */;
			compatibilityVersion = "Xcode 9.3";
			developmentRegion = en;
			hasScannedForEncodings = 0;
			knownRegions = (
				en,
				Base,
			);
			mainGroup = 86F5D19B2613510600FF7944;
			productRefGroup = 86F5D1A52613510600FF7944 /* Products */;
			projectDirPath = "";
			projectRoot = "";
			targets = (
				86F5D1A32613510600FF7944 /* Memorize */,
				86F5D1B42613510800FF7944 /* MemorizeTests */,
				86F5D1BF2613510800FF7944 /* MemorizeUITests */,
			);
		};
/* End PBXProject section */

/* Begin PBXResourcesBuildPhase section */
		86F5D1A22613510600FF7944 /* Resources */ = {
			isa = PBXResourcesBuildPhase;
			buildActionMask = 2147483647;
			files = (
				86F5D1AF2613510700FF7944 /* Preview Assets.xcassets in Resources */,
				86F5D1AC2613510700FF7944 /* Assets.xcassets in Resources */,
			);
			runOnlyForDeploymentPostprocessing = 0;
		};
		86F5D1B32613510800FF7944 /* Resources */ = {
			isa = PBXResourcesBuildPhase;
			buildActionMask = 2147483647;
			files = (
			);
			runOnlyForDeploymentPostprocessing = 0;
		};
		86F5D1BE2613510800FF7944 /* Resources */ = {
			isa = PBXResourcesBuildPhase;
			buildActionMask = 2147483647;
			files = (
			);
			runOnlyForDeploymentPostprocessing = 0;
		};
/* End PBXResourcesBuildPhase section */

/* Begin PBXSourcesBuildPhase section */
		86F5D1A02613510600FF7944 /* Sources */ = {
			isa = PBXSourcesBuildPhase;
			buildActionMask = 2147483647;
			files = (
				865E5EB6261532FF001F6CA4 /* MemoryGame.swift in Sources */,
				86F5D1AA2613510600FF7944 /* EmojiMemoryGameView.swift in Sources */,
				86F5D1A82613510600FF7944 /* MemorizeApp.swift in Sources */,
				92B3A023264C90020031F4C2 /* Pie.swift in Sources */,
				92A4D3DC2645B825006298CA /* Grid.swift in Sources */,
				92A4D3E02645E3A7006298CA /* GridLayout.swift in Sources */,
				92A4D3E22645FD3A006298CA /* Array+Identifiable.swift in Sources */,
				865E5EBB261533F0001F6CA4 /* EmojiMemoryGame.swift in Sources */,
				92B3A025264C9ABF0031F4C2 /* Cardify.swift in Sources */,
				92A62E9A264B2AA200E6CAB2 /* Array+Only.swift in Sources */,
			);
			runOnlyForDeploymentPostprocessing = 0;
		};
		86F5D1B12613510800FF7944 /* Sources */ = {
			isa = PBXSourcesBuildPhase;
			buildActionMask = 2147483647;
			files = (
				86F5D1BA2613510800FF7944 /* MemorizeTests.swift in Sources */,
			);
			runOnlyForDeploymentPostprocessing = 0;
		};
		86F5D1BC2613510800FF7944 /* Sources */ = {
			isa = PBXSourcesBuildPhase;
			buildActionMask = 2147483647;
			files = (
				86F5D1C52613510800FF7944 /* MemorizeUITests.swift in Sources */,
			);
			runOnlyForDeploymentPostprocessing = 0;
		};
/* End PBXSourcesBuildPhase section */

/* Begin PBXTargetDependency section */
		86F5D1B72613510800FF7944 /* PBXTargetDependency */ = {
			isa = PBXTargetDependency;
			target = 86F5D1A32613510600FF7944 /* Memorize */;
			targetProxy = 86F5D1B62613510800FF7944 /* PBXContainerItemProxy */;
		};
		86F5D1C22613510800FF7944 /* PBXTargetDependency */ = {
			isa = PBXTargetDependency;
			target = 86F5D1A32613510600FF7944 /* Memorize */;
			targetProxy = 86F5D1C12613510800FF7944 /* PBXContainerItemProxy */;
		};
/* End PBXTargetDependency section */

/* Begin XCBuildConfiguration section */
		86F5D1C72613510800FF7944 /* Debug */ = {
			isa = XCBuildConfiguration;
			buildSettings = {
				ALWAYS_SEARCH_USER_PATHS = NO;
				CLANG_ANALYZER_NONNULL = YES;
				CLANG_ANALYZER_NUMBER_OBJECT_CONVERSION = YES_AGGRESSIVE;
				CLANG_CXX_LANGUAGE_STANDARD = "gnu++14";
				CLANG_CXX_LIBRARY = "libc++";
				CLANG_ENABLE_MODULES = YES;
				CLANG_ENABLE_OBJC_ARC = YES;
				CLANG_ENABLE_OBJC_WEAK = YES;
				CLANG_WARN_BLOCK_CAPTURE_AUTORELEASING = YES;
				CLANG_WARN_BOOL_CONVERSION = YES;
				CLANG_WARN_COMMA = YES;
				CLANG_WARN_CONSTANT_CONVERSION = YES;
				CLANG_WARN_DEPRECATED_OBJC_IMPLEMENTATIONS = YES;
				CLANG_WARN_DIRECT_OBJC_ISA_USAGE = YES_ERROR;
				CLANG_WARN_DOCUMENTATION_COMMENTS = YES;
				CLANG_WARN_EMPTY_BODY = YES;
				CLANG_WARN_ENUM_CONVERSION = YES;
				CLANG_WARN_INFINITE_RECURSION = YES;
				CLANG_WARN_INT_CONVERSION = YES;
				CLANG_WARN_NON_LITERAL_NULL_CONVERSION = YES;
				CLANG_WARN_OBJC_IMPLICIT_RETAIN_SELF = YES;
				CLANG_WARN_OBJC_LITERAL_CONVERSION = YES;
				CLANG_WARN_OBJC_ROOT_CLASS = YES_ERROR;
				CLANG_WARN_QUOTED_INCLUDE_IN_FRAMEWORK_HEADER = YES;
				CLANG_WARN_RANGE_LOOP_ANALYSIS = YES;
				CLANG_WARN_STRICT_PROTOTYPES = YES;
				CLANG_WARN_SUSPICIOUS_MOVE = YES;
				CLANG_WARN_UNGUARDED_AVAILABILITY = YES_AGGRESSIVE;
				CLANG_WARN_UNREACHABLE_CODE = YES;
				CLANG_WARN__DUPLICATE_METHOD_MATCH = YES;
				COPY_PHASE_STRIP = NO;
				DEBUG_INFORMATION_FORMAT = dwarf;
				ENABLE_STRICT_OBJC_MSGSEND = YES;
				ENABLE_TESTABILITY = YES;
				GCC_C_LANGUAGE_STANDARD = gnu11;
				GCC_DYNAMIC_NO_PIC = NO;
				GCC_NO_COMMON_BLOCKS = YES;
				GCC_OPTIMIZATION_LEVEL = 0;
				GCC_PREPROCESSOR_DEFINITIONS = (
					"DEBUG=1",
					"$(inherited)",
				);
				GCC_WARN_64_TO_32_BIT_CONVERSION = YES;
				GCC_WARN_ABOUT_RETURN_TYPE = YES_ERROR;
				GCC_WARN_UNDECLARED_SELECTOR = YES;
				GCC_WARN_UNINITIALIZED_AUTOS = YES_AGGRESSIVE;
				GCC_WARN_UNUSED_FUNCTION = YES;
				GCC_WARN_UNUSED_VARIABLE = YES;
				IPHONEOS_DEPLOYMENT_TARGET = 14.4;
				MTL_ENABLE_DEBUG_INFO = INCLUDE_SOURCE;
				MTL_FAST_MATH = YES;
				ONLY_ACTIVE_ARCH = YES;
				SDKROOT = iphoneos;
				SWIFT_ACTIVE_COMPILATION_CONDITIONS = DEBUG;
				SWIFT_OPTIMIZATION_LEVEL = "-Onone";
			};
			name = Debug;
		};
		86F5D1C82613510800FF7944 /* Release */ = {
			isa = XCBuildConfiguration;
			buildSettings = {
				ALWAYS_SEARCH_USER_PATHS = NO;
				CLANG_ANALYZER_NONNULL = YES;
				CLANG_ANALYZER_NUMBER_OBJECT_CONVERSION = YES_AGGRESSIVE;
				CLANG_CXX_LANGUAGE_STANDARD = "gnu++14";
				CLANG_CXX_LIBRARY = "libc++";
				CLANG_ENABLE_MODULES = YES;
				CLANG_ENABLE_OBJC_ARC = YES;
				CLANG_ENABLE_OBJC_WEAK = YES;
				CLANG_WARN_BLOCK_CAPTURE_AUTORELEASING = YES;
				CLANG_WARN_BOOL_CONVERSION = YES;
				CLANG_WARN_COMMA = YES;
				CLANG_WARN_CONSTANT_CONVERSION = YES;
				CLANG_WARN_DEPRECATED_OBJC_IMPLEMENTATIONS = YES;
				CLANG_WARN_DIRECT_OBJC_ISA_USAGE = YES_ERROR;
				CLANG_WARN_DOCUMENTATION_COMMENTS = YES;
				CLANG_WARN_EMPTY_BODY = YES;
				CLANG_WARN_ENUM_CONVERSION = YES;
				CLANG_WARN_INFINITE_RECURSION = YES;
				CLANG_WARN_INT_CONVERSION = YES;
				CLANG_WARN_NON_LITERAL_NULL_CONVERSION = YES;
				CLANG_WARN_OBJC_IMPLICIT_RETAIN_SELF = YES;
				CLANG_WARN_OBJC_LITERAL_CONVERSION = YES;
				CLANG_WARN_OBJC_ROOT_CLASS = YES_ERROR;
				CLANG_WARN_QUOTED_INCLUDE_IN_FRAMEWORK_HEADER = YES;
				CLANG_WARN_RANGE_LOOP_ANALYSIS = YES;
				CLANG_WARN_STRICT_PROTOTYPES = YES;
				CLANG_WARN_SUSPICIOUS_MOVE = YES;
				CLANG_WARN_UNGUARDED_AVAILABILITY = YES_AGGRESSIVE;
				CLANG_WARN_UNREACHABLE_CODE = YES;
				CLANG_WARN__DUPLICATE_METHOD_MATCH = YES;
				COPY_PHASE_STRIP = NO;
				DEBUG_INFORMATION_FORMAT = "dwarf-with-dsym";
				ENABLE_NS_ASSERTIONS = NO;
				ENABLE_STRICT_OBJC_MSGSEND = YES;
				GCC_C_LANGUAGE_STANDARD = gnu11;
				GCC_NO_COMMON_BLOCKS = YES;
				GCC_WARN_64_TO_32_BIT_CONVERSION = YES;
				GCC_WARN_ABOUT_RETURN_TYPE = YES_ERROR;
				GCC_WARN_UNDECLARED_SELECTOR = YES;
				GCC_WARN_UNINITIALIZED_AUTOS = YES_AGGRESSIVE;
				GCC_WARN_UNUSED_FUNCTION = YES;
				GCC_WARN_UNUSED_VARIABLE = YES;
				IPHONEOS_DEPLOYMENT_TARGET = 14.4;
				MTL_ENABLE_DEBUG_INFO = NO;
				MTL_FAST_MATH = YES;
				SDKROOT = iphoneos;
				SWIFT_COMPILATION_MODE = wholemodule;
				SWIFT_OPTIMIZATION_LEVEL = "-O";
				VALIDATE_PRODUCT = YES;
			};
			name = Release;
		};
		86F5D1CA2613510800FF7944 /* Debug */ = {
			isa = XCBuildConfiguration;
			buildSettings = {
				ASSETCATALOG_COMPILER_APPICON_NAME = AppIcon;
				ASSETCATALOG_COMPILER_GLOBAL_ACCENT_COLOR_NAME = AccentColor;
				CODE_SIGN_STYLE = Automatic;
				DEVELOPMENT_ASSET_PATHS = "\"Memorize/Preview Content\"";
				DEVELOPMENT_TEAM = 8UF6K7CB33;
				ENABLE_PREVIEWS = YES;
				INFOPLIST_FILE = Memorize/Info.plist;
				IPHONEOS_DEPLOYMENT_TARGET = 14.0;
				LD_RUNPATH_SEARCH_PATHS = (
					"$(inherited)",
					"@executable_path/Frameworks",
				);
				PRODUCT_BUNDLE_IDENTIFIER = "Anthony-Jose-.Memorize";
				PRODUCT_NAME = "$(TARGET_NAME)";
				SWIFT_VERSION = 5.0;
				TARGETED_DEVICE_FAMILY = "1,2";
			};
			name = Debug;
		};
		86F5D1CB2613510800FF7944 /* Release */ = {
			isa = XCBuildConfiguration;
			buildSettings = {
				ASSETCATALOG_COMPILER_APPICON_NAME = AppIcon;
				ASSETCATALOG_COMPILER_GLOBAL_ACCENT_COLOR_NAME = AccentColor;
				CODE_SIGN_STYLE = Automatic;
				DEVELOPMENT_ASSET_PATHS = "\"Memorize/Preview Content\"";
				DEVELOPMENT_TEAM = 8UF6K7CB33;
				ENABLE_PREVIEWS = YES;
				INFOPLIST_FILE = Memorize/Info.plist;
				IPHONEOS_DEPLOYMENT_TARGET = 14.0;
				LD_RUNPATH_SEARCH_PATHS = (
					"$(inherited)",
					"@executable_path/Frameworks",
				);
				PRODUCT_BUNDLE_IDENTIFIER = "Anthony-Jose-.Memorize";
				PRODUCT_NAME = "$(TARGET_NAME)";
				SWIFT_VERSION = 5.0;
				TARGETED_DEVICE_FAMILY = "1,2";
			};
			name = Release;
		};
		86F5D1CD2613510800FF7944 /* Debug */ = {
			isa = XCBuildConfiguration;
			buildSettings = {
				ALWAYS_EMBED_SWIFT_STANDARD_LIBRARIES = YES;
				BUNDLE_LOADER = "$(TEST_HOST)";
				CODE_SIGN_STYLE = Automatic;
				DEVELOPMENT_TEAM = 8UF6K7CB33;
				INFOPLIST_FILE = MemorizeTests/Info.plist;
				IPHONEOS_DEPLOYMENT_TARGET = 14.0;
				LD_RUNPATH_SEARCH_PATHS = (
					"$(inherited)",
					"@executable_path/Frameworks",
					"@loader_path/Frameworks",
				);
				PRODUCT_BUNDLE_IDENTIFIER = "Anthony-Jose-.MemorizeTests";
				PRODUCT_NAME = "$(TARGET_NAME)";
				SWIFT_VERSION = 5.0;
				TARGETED_DEVICE_FAMILY = "1,2";
				TEST_HOST = "$(BUILT_PRODUCTS_DIR)/Memorize.app/Memorize";
			};
			name = Debug;
		};
		86F5D1CE2613510800FF7944 /* Release */ = {
			isa = XCBuildConfiguration;
			buildSettings = {
				ALWAYS_EMBED_SWIFT_STANDARD_LIBRARIES = YES;
				BUNDLE_LOADER = "$(TEST_HOST)";
				CODE_SIGN_STYLE = Automatic;
				DEVELOPMENT_TEAM = 8UF6K7CB33;
				INFOPLIST_FILE = MemorizeTests/Info.plist;
				IPHONEOS_DEPLOYMENT_TARGET = 14.0;
				LD_RUNPATH_SEARCH_PATHS = (
					"$(inherited)",
					"@executable_path/Frameworks",
					"@loader_path/Frameworks",
				);
				PRODUCT_BUNDLE_IDENTIFIER = "Anthony-Jose-.MemorizeTests";
				PRODUCT_NAME = "$(TARGET_NAME)";
				SWIFT_VERSION = 5.0;
				TARGETED_DEVICE_FAMILY = "1,2";
				TEST_HOST = "$(BUILT_PRODUCTS_DIR)/Memorize.app/Memorize";
			};
			name = Release;
		};
		86F5D1D02613510800FF7944 /* Debug */ = {
			isa = XCBuildConfiguration;
			buildSettings = {
				ALWAYS_EMBED_SWIFT_STANDARD_LIBRARIES = YES;
				CODE_SIGN_STYLE = Automatic;
				DEVELOPMENT_TEAM = 8UF6K7CB33;
				INFOPLIST_FILE = MemorizeUITests/Info.plist;
				LD_RUNPATH_SEARCH_PATHS = (
					"$(inherited)",
					"@executable_path/Frameworks",
					"@loader_path/Frameworks",
				);
				PRODUCT_BUNDLE_IDENTIFIER = "Anthony-Jose-.MemorizeUITests";
				PRODUCT_NAME = "$(TARGET_NAME)";
				SWIFT_VERSION = 5.0;
				TARGETED_DEVICE_FAMILY = "1,2";
				TEST_TARGET_NAME = Memorize;
			};
			name = Debug;
		};
		86F5D1D12613510800FF7944 /* Release */ = {
			isa = XCBuildConfiguration;
			buildSettings = {
				ALWAYS_EMBED_SWIFT_STANDARD_LIBRARIES = YES;
				CODE_SIGN_STYLE = Automatic;
				DEVELOPMENT_TEAM = 8UF6K7CB33;
				INFOPLIST_FILE = MemorizeUITests/Info.plist;
				LD_RUNPATH_SEARCH_PATHS = (
					"$(inherited)",
					"@executable_path/Frameworks",
					"@loader_path/Frameworks",
				);
				PRODUCT_BUNDLE_IDENTIFIER = "Anthony-Jose-.MemorizeUITests";
				PRODUCT_NAME = "$(TARGET_NAME)";
				SWIFT_VERSION = 5.0;
				TARGETED_DEVICE_FAMILY = "1,2";
				TEST_TARGET_NAME = Memorize;
			};
			name = Release;
		};
/* End XCBuildConfiguration section */

/* Begin XCConfigurationList section */
		86F5D19F2613510600FF7944 /* Build configuration list for PBXProject "Memorize" */ = {
			isa = XCConfigurationList;
			buildConfigurations = (
				86F5D1C72613510800FF7944 /* Debug */,
				86F5D1C82613510800FF7944 /* Release */,
			);
			defaultConfigurationIsVisible = 0;
			defaultConfigurationName = Release;
		};
		86F5D1C92613510800FF7944 /* Build configuration list for PBXNativeTarget "Memorize" */ = {
			isa = XCConfigurationList;
			buildConfigurations = (
				86F5D1CA2613510800FF7944 /* Debug */,
				86F5D1CB2613510800FF7944 /* Release */,
			);
			defaultConfigurationIsVisible = 0;
			defaultConfigurationName = Release;
		};
		86F5D1CC2613510800FF7944 /* Build configuration list for PBXNativeTarget "MemorizeTests" */ = {
			isa = XCConfigurationList;
			buildConfigurations = (
				86F5D1CD2613510800FF7944 /* Debug */,
				86F5D1CE2613510800FF7944 /* Release */,
			);
			defaultConfigurationIsVisible = 0;
			defaultConfigurationName = Release;
		};
		86F5D1CF2613510800FF7944 /* Build configuration list for PBXNativeTarget "MemorizeUITests" */ = {
			isa = XCConfigurationList;
			buildConfigurations = (
				86F5D1D02613510800FF7944 /* Debug */,
				86F5D1D12613510800FF7944 /* Release */,
			);
			defaultConfigurationIsVisible = 0;
			defaultConfigurationName = Release;
		};
/* End XCConfigurationList section */
	};
	rootObject = 86F5D19C2613510600FF7944 /* Project object */;
}
